
Microsoft Visual Studio Solution File, Format Version 12.00
# Visual Studio Version 17
VisualStudioVersion = 17.9.34902.65
MinimumVisualStudioVersion = 10.0.40219.1
Project("{FAE04EC0-301F-11D3-BF4B-00C04F79EFBC}") = "CsvETL", "CsvETL\CsvETL.csproj", "{913101F9-1761-4354-85DF-DA7CE12636D6}"
EndProject
Project("{00D1A9C2-B5F0-4AF3-8072-F6C62B433612}") = "TaxiDb", "TaxiDb\TaxiDb.sqlproj", "{9390DA40-8ADF-4327-A3AE-B00977A35218}"
EndProject
Global
	GlobalSection(SolutionConfigurationPlatforms) = preSolution
		Debug|Any CPU = Debug|Any CPU
		Release|Any CPU = Release|Any CPU
	EndGlobalSection
	GlobalSection(ProjectConfigurationPlatforms) = postSolution
		{913101F9-1761-4354-85DF-DA7CE12636D6}.Debug|Any CPU.ActiveCfg = Debug|Any CPU
		{913101F9-1761-4354-85DF-DA7CE12636D6}.Debug|Any CPU.Build.0 = Debug|Any CPU
		{913101F9-1761-4354-85DF-DA7CE12636D6}.Release|Any CPU.ActiveCfg = Release|Any CPU
		{913101F9-1761-4354-85DF-DA7CE12636D6}.Release|Any CPU.Build.0 = Release|Any CPU
		{9390DA40-8ADF-4327-A3AE-B00977A35218}.Debug|Any CPU.ActiveCfg = Debug|Any CPU
		{9390DA40-8ADF-4327-A3AE-B00977A35218}.Debug|Any CPU.Build.0 = Debug|Any CPU
		{9390DA40-8ADF-4327-A3AE-B00977A35218}.Debug|Any CPU.Deploy.0 = Debug|Any CPU
		{9390DA40-8ADF-4327-A3AE-B00977A35218}.Release|Any CPU.ActiveCfg = Release|Any CPU
		{9390DA40-8ADF-4327-A3AE-B00977A35218}.Release|Any CPU.Build.0 = Release|Any CPU
		{9390DA40-8ADF-4327-A3AE-B00977A35218}.Release|Any CPU.Deploy.0 = Release|Any CPU
	EndGlobalSection
	GlobalSection(SolutionProperties) = preSolution
		HideSolutionNode = FALSE
	EndGlobalSection
	GlobalSection(ExtensibilityGlobals) = postSolution
		SolutionGuid = {FEADDFC7-A507-4D1D-9AF9-0674EC0A7241}
	EndGlobalSection
EndGlobal
